// !$*UTF8*$!
{
	archiveVersion = 1;
	classes = {
	};
	objectVersion = 54;
	objects = {

/* Begin PBXBuildFile section */
		02CE83AAF48DBC2634C688F5 /* VirtualFaceCamDALPlugin.bundle in Resources */ = {isa = PBXBuildFile; fileRef = 1774E17D2E0F4FB7483E0696 /* VirtualFaceCamDALPlugin.bundle */; settings = {ATTRIBUTES = (CodeSignOnCopy, RemoveHeadersOnCopy, ); }; };
		0462959C7876E1BE0F331E43 /* DALFrameBridge.swift in Sources */ = {isa = PBXBuildFile; fileRef = 6779C85BB31FCE2A35ECBD61 /* DALFrameBridge.swift */; };
		081D3BC1CF2C2C4EC5A325FA /* VirtualCameraExtensionStream.swift in Sources */ = {isa = PBXBuildFile; fileRef = 53BE98B54869623A51DE4ED4 /* VirtualCameraExtensionStream.swift */; };
		0A5E40827262B9B5C0C58A4A /* DependencyContainer.swift in Sources */ = {isa = PBXBuildFile; fileRef = 0048FA2965AF923DFE915CF4 /* DependencyContainer.swift */; };
		0B8092DEB42EBD5C07144BD4 /* CameraExtensionInstaller.swift in Sources */ = {isa = PBXBuildFile; fileRef = 609D520D5126EE84DC9AC3A7 /* CameraExtensionInstaller.swift */; };
		0C23FE7D55EF6EB0B5D8D9EB /* VirtualCameraExtensionDevice.swift in Sources */ = {isa = PBXBuildFile; fileRef = E1A5F33D6A8FA029CB6E3CDE /* VirtualCameraExtensionDevice.swift */; };
		0F04236547409D206144A1AD /* InternalDenseFittingReplica.swift in Sources */ = {isa = PBXBuildFile; fileRef = C5183C8C956D8293BBFB36E3 /* InternalDenseFittingReplica.swift */; };
		116895F8D403A6C096706C64 /* FaceTrackingService.swift in Sources */ = {isa = PBXBuildFile; fileRef = 8C712A62AA681C940B01BFD4 /* FaceTrackingService.swift */; };
		12E32681CEE2BA635B6833D2 /* VirtualFaceCamDALPlugin.m in Sources */ = {isa = PBXBuildFile; fileRef = 364593FAE5B3C11B9546BF18 /* VirtualFaceCamDALPlugin.m */; };
		17818AAD34D2870E86F99626 /* MeshGenerator.swift in Sources */ = {isa = PBXBuildFile; fileRef = 131D207043BC224B09CC9501 /* MeshGenerator.swift */; };
		181FA2EF56C666884EA22423 /* RenderingEngine.swift in Sources */ = {isa = PBXBuildFile; fileRef = E7BF210D347D8D2F871ADA37 /* RenderingEngine.swift */; };
		1F6DB14C5EAC468A9D563B3C /* main.swift in Sources */ = {isa = PBXBuildFile; fileRef = 361378FC5D63BDDF5A9692ED /* main.swift */; };
		2363838A78A5C412AC859DA8 /* CoreMediaIO.framework in Frameworks */ = {isa = PBXBuildFile; fileRef = CEE3A5A2AA943BAB2F4D9A06 /* CoreMediaIO.framework */; };
		24D2D28E7097F049F6593B44 /* VirtualFaceCamAppTests.swift in Sources */ = {isa = PBXBuildFile; fileRef = 49C62C6A34021E23BB87F6E0 /* VirtualFaceCamAppTests.swift */; };
		2687BE27F97B0659710C2654 /* CanonicalHeadGeometry.swift in Sources */ = {isa = PBXBuildFile; fileRef = 9A523B4BEE3426D1DDB65207 /* CanonicalHeadGeometry.swift */; };
		27C6D05DEA014048B8AAB72E /* VirtualFaceCamDALPluginScaffold.framework in Embed Frameworks */ = {isa = PBXBuildFile; fileRef = 73C1DF66AA81A3B3BA8503A3 /* VirtualFaceCamDALPluginScaffold.framework */; settings = {ATTRIBUTES = (CodeSignOnCopy, RemoveHeadersOnCopy, ); }; };
		287468C443C851E09B039B38 /* BlendshapeCatalog.swift in Sources */ = {isa = PBXBuildFile; fileRef = 8FECF54008FB0CB33B294DCF /* BlendshapeCatalog.swift */; };
		2C3D3C2B3AEBC6EF8E475CDA /* MediaPipeBlendshapeMapper.swift in Sources */ = {isa = PBXBuildFile; fileRef = 63A193260AD0D6B61D471539 /* MediaPipeBlendshapeMapper.swift */; };
		2CF70062E71A49215820BFAC /* AppViewModel.swift in Sources */ = {isa = PBXBuildFile; fileRef = B68207E372F59DAE01F0F20E /* AppViewModel.swift */; };
		319B2AF43267A3D13F364572 /* AvatarMeshWarpRenderer.swift in Sources */ = {isa = PBXBuildFile; fileRef = 9BEC0916F25D4F9F94EE932E /* AvatarMeshWarpRenderer.swift */; };
		33641CEAE05BB3D215158A20 /* CanonicalAvatarFittingService.swift in Sources */ = {isa = PBXBuildFile; fileRef = E68869B08161600761D4A1F1 /* CanonicalAvatarFittingService.swift */; };
		3FAD68A6FC9E4AA6E26D82AF /* SharedFrameReader.swift in Sources */ = {isa = PBXBuildFile; fileRef = CB95F3486098ED3FD784EAB2 /* SharedFrameReader.swift */; };
		40786605B51A2CB7B6D396EE /* ProfessionalFacePipeline.swift in Sources */ = {isa = PBXBuildFile; fileRef = 6FF40DEC279BA14336B887A8 /* ProfessionalFacePipeline.swift */; };
		45B22914F653FFBAD2699D73 /* Foundation.framework in Frameworks */ = {isa = PBXBuildFile; fileRef = 77F11BA21921DDEAADFCE53C /* Foundation.framework */; };
		468F47D26BDCD7E0BB59CCB8 /* CoreVideo.framework in Frameworks */ = {isa = PBXBuildFile; fileRef = 09CDF2FB33EB8CA5BB087F20 /* CoreVideo.framework */; };
		474AD77B9140148C7B91EB36 /* Assets.xcassets in Resources */ = {isa = PBXBuildFile; fileRef = 36A580895425659E770DD049 /* Assets.xcassets */; };
		4934857940C3AB9E7CBEBF90 /* VirtualFaceCamApp.swift in Sources */ = {isa = PBXBuildFile; fileRef = D3DE185F8C9431669312BED1 /* VirtualFaceCamApp.swift */; };
		49E7E9A03312A5FA072EBAD2 /* VisionFaceLandmarkExtractor.swift in Sources */ = {isa = PBXBuildFile; fileRef = E271EE9EAFDE4D750B5A05F9 /* VisionFaceLandmarkExtractor.swift */; };
		4E26B98EE3394D865A644ACD /* VirtualFaceCamCameraExtension.systemextension in Embed System Extensions */ = {isa = PBXBuildFile; fileRef = 0A6DDBD37C0135C7653B18CB /* VirtualFaceCamCameraExtension.systemextension */; settings = {ATTRIBUTES = (RemoveHeadersOnCopy, ); }; };
		504361CBD4BB57D6EBF2C5ED /* MetalAvatarRenderer.swift in Sources */ = {isa = PBXBuildFile; fileRef = 619385E13A5C71EC712C4E6F /* MetalAvatarRenderer.swift */; };
		5BFC823E495640ED94A2C3D1 /* ExpressionRigFrame.swift in Sources */ = {isa = PBXBuildFile; fileRef = 1EF82C688E74CD0843351A51 /* ExpressionRigFrame.swift */; };
		5C16A6AF6B4CD8D7566DFFD0 /* CoreMedia.framework in Frameworks */ = {isa = PBXBuildFile; fileRef = 187093131FB2DA4A1EF92298 /* CoreMedia.framework */; };
		6C8BD1225E75ED7580D03B44 /* CanonicalBlendshapeRig.swift in Sources */ = {isa = PBXBuildFile; fileRef = DA4C30631787371C68E50057 /* CanonicalBlendshapeRig.swift */; };
		714E70C192A0B144E04FAECF /* TrackingMode.swift in Sources */ = {isa = PBXBuildFile; fileRef = 761F60CB775F039A8B3A812B /* TrackingMode.swift */; };
		755DCBF488F56A2E892236ED /* onnxruntime in Frameworks */ = {isa = PBXBuildFile; productRef = E5C82E8D866E3E0D8D024176 /* onnxruntime */; };
		801FF21416ABB1F642822B33 /* VirtualFaceCamDALPlugin.swift in Sources */ = {isa = PBXBuildFile; fileRef = D3AD6D9A039D0AD673FA6E6B /* VirtualFaceCamDALPlugin.swift */; };
		81BF2C40548DC7773C82C059 /* ProceduralIdentityTextureGenerator.swift in Sources */ = {isa = PBXBuildFile; fileRef = 9DE8537DC791025D44C336A9 /* ProceduralIdentityTextureGenerator.swift */; };
		8BA52964185DED8B93757EA1 /* AvatarWarp.metal in Sources */ = {isa = PBXBuildFile; fileRef = 0F44A3FD708DC3A36E94BE54 /* AvatarWarp.metal */; };
		8EA21AA9E3B945ECB6071230 /* VirtualFaceCamDALPluginScaffold.framework in Frameworks */ = {isa = PBXBuildFile; fileRef = 73C1DF66AA81A3B3BA8503A3 /* VirtualFaceCamDALPluginScaffold.framework */; };
		91DB5C3A1A21C326EC227184 /* HeadMatteGenerator.swift in Sources */ = {isa = PBXBuildFile; fileRef = E9579CAC099D6CAB6CC78804 /* HeadMatteGenerator.swift */; };
		92A086042BE9378E44531DFD /* DALAutoInstaller.swift in Sources */ = {isa = PBXBuildFile; fileRef = AEDB22845A9F65D8CA4395C4 /* DALAutoInstaller.swift */; };
		9586CC007ED409DC90081F1C /* ControlPanelView.swift in Sources */ = {isa = PBXBuildFile; fileRef = A63AA4273283326D04CA0375 /* ControlPanelView.swift */; };
		971A4B3A5E7404BE06A4F8DB /* ProfessionalModelAssetManager.swift in Sources */ = {isa = PBXBuildFile; fileRef = D24D64596A32AB6A7190EF5A /* ProfessionalModelAssetManager.swift */; };
		9AA6464EC5903EA2F360A076 /* AvatarEngine.swift in Sources */ = {isa = PBXBuildFile; fileRef = D487E8DDD4A11EC2FFBF22A1 /* AvatarEngine.swift */; };
		9E455E651B54793C82AAF2C9 /* RenderingProviding.swift in Sources */ = {isa = PBXBuildFile; fileRef = BC5C88DFCA99DB1BF8DDC779 /* RenderingProviding.swift */; };
		A030D725E6208467393719C0 /* AvatarPreprocessor.swift in Sources */ = {isa = PBXBuildFile; fileRef = A052D62EAEF8810D0EFDE950 /* AvatarPreprocessor.swift */; };
		A51CC6BCD6FB368EF9C40AD5 /* VideoCaptureProviding.swift in Sources */ = {isa = PBXBuildFile; fileRef = A8ADCA5FBCA2BA4559E230AB /* VideoCaptureProviding.swift */; };
		A5ADCC1B26AD9F20571319BA /* README.md in Resources */ = {isa = PBXBuildFile; fileRef = 3E24CD99686EB37E3FAD7917 /* README.md */; };
		A699FB51288C048CF25DE03C /* VideoCaptureManager.swift in Sources */ = {isa = PBXBuildFile; fileRef = 5DEE3CBD3A12B45DA5A88566 /* VideoCaptureManager.swift */; };
		ACDEF32B5CB2A3E5C364A662 /* AvatarEngineProviding.swift in Sources */ = {isa = PBXBuildFile; fileRef = CFDE577DAE5ADB15E4CD852D /* AvatarEngineProviding.swift */; };
		AD718FFBEE777B62F9792E09 /* MODEL_BUNDLE_MANIFEST.json in Resources */ = {isa = PBXBuildFile; fileRef = 1CE956079588EDEB688ACA0B /* MODEL_BUNDLE_MANIFEST.json */; };
		B761B8DB7069AC0E6F55A2C0 /* ProfessionalPipelineStatus.swift in Sources */ = {isa = PBXBuildFile; fileRef = 2B859D3F5249EDFB41F6D496 /* ProfessionalPipelineStatus.swift */; };
		BADF4F4D0BE6F5CB366C908C /* SharedFrameWriter.swift in Sources */ = {isa = PBXBuildFile; fileRef = 185A37C33D4593DCBF3FFA83 /* SharedFrameWriter.swift */; };
		BC8EB3F458792EE95AAE4DEB /* SharedFrameReader.swift in Sources */ = {isa = PBXBuildFile; fileRef = D80D5BE9E958C483B1D82662 /* SharedFrameReader.swift */; };
		BF2664337C3DA628D8DEB51C /* VirtualCameraOutput.swift in Sources */ = {isa = PBXBuildFile; fileRef = 76EAFA67CD3EC0E86F2C1C96 /* VirtualCameraOutput.swift */; };
		C23FAEA1FAC1EF45FCF1DD99 /* InternalIdentityRegressor.swift in Sources */ = {isa = PBXBuildFile; fileRef = E0FF12E557FB20BDC187424E /* InternalIdentityRegressor.swift */; };
		C4BEF9E3EE0AC20AE980EA6F /* ContentView.swift in Sources */ = {isa = PBXBuildFile; fileRef = 508DC97EA77D7A94D0658B51 /* ContentView.swift */; };
		CE07B29A1F3BFE00CD2F5002 /* VirtualCameraExtensionProvider.swift in Sources */ = {isa = PBXBuildFile; fileRef = E6D7557D306C7E0D4F37841A /* VirtualCameraExtensionProvider.swift */; };
		D04E83068FEE9778FA4888ED /* PreviewView.swift in Sources */ = {isa = PBXBuildFile; fileRef = 93136ACB57F5856998CFEC2A /* PreviewView.swift */; };
		D3F316B56F1EFA9D199EA524 /* FaceTrackingProviding.swift in Sources */ = {isa = PBXBuildFile; fileRef = 216E886CE6E6DDE15B2F6FDA /* FaceTrackingProviding.swift */; };
		DB6E4AFAC5EEF2FE1C8775F8 /* FaceLandmarks.swift in Sources */ = {isa = PBXBuildFile; fileRef = DE77176BC81EB684423C539A /* FaceLandmarks.swift */; };
		DBF739726475CE83E461C3B2 /* CoreMediaIO.framework in Frameworks */ = {isa = PBXBuildFile; fileRef = CEE3A5A2AA943BAB2F4D9A06 /* CoreMediaIO.framework */; };
		E047115D864BFF0C210E2391 /* MultiFaceTemporalFilter.swift in Sources */ = {isa = PBXBuildFile; fileRef = 47B530727C13D8F4B90F547C /* MultiFaceTemporalFilter.swift */; };
		E0E9B4699AFDD62DF7537207 /* version-RFB-640.onnx in Resources */ = {isa = PBXBuildFile; fileRef = 8EB5930B23402BE266B38EEE /* version-RFB-640.onnx */; };
		E228F557E8918E3FC3FDD3C0 /* face_landmarker.task in Resources */ = {isa = PBXBuildFile; fileRef = 763B8772EA5319AD5918A57A /* face_landmarker.task */; };
		E3634A22C39FE9E79617BF77 /* AvatarModel.swift in Sources */ = {isa = PBXBuildFile; fileRef = B88AA7C7C64454B5B0D407EE /* AvatarModel.swift */; };
		E75AA3D075C6B86D2468EA64 /* FaceTemporalFilter.swift in Sources */ = {isa = PBXBuildFile; fileRef = 38275D4FFA2908322484FB7E /* FaceTemporalFilter.swift */; };
		E8E2435D56B8A7E6A85C5CDE /* DALPluginStatusService.swift in Sources */ = {isa = PBXBuildFile; fileRef = DA25789AAA37476B07243E3F /* DALPluginStatusService.swift */; };
		F2F8A51184558F32F4853578 /* Foundation.framework in Frameworks */ = {isa = PBXBuildFile; fileRef = 77F11BA21921DDEAADFCE53C /* Foundation.framework */; };
		F39451B4510776C3CDB940C3 /* VirtualCameraProviding.swift in Sources */ = {isa = PBXBuildFile; fileRef = 2B2D6D63EB86EE3BEA88E0CD /* VirtualCameraProviding.swift */; };
		FB6259EC20F9B0D1C5181157 /* CoreMedia.framework in Frameworks */ = {isa = PBXBuildFile; fileRef = 187093131FB2DA4A1EF92298 /* CoreMedia.framework */; };
		FBA67DD16A8E09CAE5AE762E /* ProfessionalModelInstaller.swift in Sources */ = {isa = PBXBuildFile; fileRef = 6D2609879E510F3CE7ABA662 /* ProfessionalModelInstaller.swift */; };
		FC0C09981039DAAE8ADCF37C /* CoreVideo.framework in Frameworks */ = {isa = PBXBuildFile; fileRef = 09CDF2FB33EB8CA5BB087F20 /* CoreVideo.framework */; };
/* End PBXBuildFile section */

/* Begin PBXContainerItemProxy section */
		7D77F8C0F5B1908D4FC80767 /* PBXContainerItemProxy */ = {
			isa = PBXContainerItemProxy;
			containerPortal = 815510FEE3B1C3C9F4CEC92D /* Project object */;
			proxyType = 1;
			remoteGlobalIDString = 8D19DCDE321EFA6E5F167547;
			remoteInfo = VirtualFaceCamCameraExtension;
		};
		99109F74B9E3EC23C69AA94C /* PBXContainerItemProxy */ = {
			isa = PBXContainerItemProxy;
			containerPortal = 815510FEE3B1C3C9F4CEC92D /* Project object */;
			proxyType = 1;
			remoteGlobalIDString = 4304FDD6E5F267A81E734257;
			remoteInfo = VirtualFaceCamDALPlugin;
		};
		F7BE58EA5DCC4E7D1D18A99A /* PBXContainerItemProxy */ = {
			isa = PBXContainerItemProxy;
			containerPortal = 815510FEE3B1C3C9F4CEC92D /* Project object */;
			proxyType = 1;
			remoteGlobalIDString = E1AA57B0ACE9660C9EB63B3E;
			remoteInfo = VirtualFaceCamDALPluginScaffold;
		};
		FC3C6A541FFE926D2266712D /* PBXContainerItemProxy */ = {
			isa = PBXContainerItemProxy;
			containerPortal = 815510FEE3B1C3C9F4CEC92D /* Project object */;
			proxyType = 1;
			remoteGlobalIDString = 82C025ADCF1213C0BA408CAC;
			remoteInfo = VirtualFaceCamApp;
		};
/* End PBXContainerItemProxy section */

/* Begin PBXCopyFilesBuildPhase section */
		5E57F686531861AA1243ACB3 /* Embed Frameworks */ = {
			isa = PBXCopyFilesBuildPhase;
			buildActionMask = 2147483647;
			dstPath = "";
			dstSubfolderSpec = 10;
			files = (
				27C6D05DEA014048B8AAB72E /* VirtualFaceCamDALPluginScaffold.framework in Embed Frameworks */,
			);
			name = "Embed Frameworks";
			runOnlyForDeploymentPostprocessing = 0;
		};
		CDDFAC86B3208104EDCF5CDF /* Embed System Extensions */ = {
			isa = PBXCopyFilesBuildPhase;
			buildActionMask = 2147483647;
			dstPath = "$(SYSTEM_EXTENSIONS_FOLDER_PATH)";
			dstSubfolderSpec = 16;
			files = (
				4E26B98EE3394D865A644ACD /* VirtualFaceCamCameraExtension.systemextension in Embed System Extensions */,
			);
			name = "Embed System Extensions";
			runOnlyForDeploymentPostprocessing = 0;
		};
/* End PBXCopyFilesBuildPhase section */

/* Begin PBXFileReference section */
		0048FA2965AF923DFE915CF4 /* DependencyContainer.swift */ = {isa = PBXFileReference; lastKnownFileType = sourcecode.swift; path = DependencyContainer.swift; sourceTree = "<group>"; };
		09CDF2FB33EB8CA5BB087F20 /* CoreVideo.framework */ = {isa = PBXFileReference; lastKnownFileType = wrapper.framework; name = CoreVideo.framework; path = System/Library/Frameworks/CoreVideo.framework; sourceTree = SDKROOT; };
		0A6DDBD37C0135C7653B18CB /* VirtualFaceCamCameraExtension.systemextension */ = {isa = PBXFileReference; explicitFileType = "wrapper.system-extension"; includeInIndex = 0; path = VirtualFaceCamCameraExtension.systemextension; sourceTree = BUILT_PRODUCTS_DIR; };
		0F44A3FD708DC3A36E94BE54 /* AvatarWarp.metal */ = {isa = PBXFileReference; lastKnownFileType = sourcecode.metal; path = AvatarWarp.metal; sourceTree = "<group>"; };
		131D207043BC224B09CC9501 /* MeshGenerator.swift */ = {isa = PBXFileReference; lastKnownFileType = sourcecode.swift; path = MeshGenerator.swift; sourceTree = "<group>"; };
		1774E17D2E0F4FB7483E0696 /* VirtualFaceCamDALPlugin.bundle */ = {isa = PBXFileReference; explicitFileType = wrapper.cfbundle; includeInIndex = 0; path = VirtualFaceCamDALPlugin.bundle; sourceTree = BUILT_PRODUCTS_DIR; };
		185A37C33D4593DCBF3FFA83 /* SharedFrameWriter.swift */ = {isa = PBXFileReference; lastKnownFileType = sourcecode.swift; path = SharedFrameWriter.swift; sourceTree = "<group>"; };
		187093131FB2DA4A1EF92298 /* CoreMedia.framework */ = {isa = PBXFileReference; lastKnownFileType = wrapper.framework; name = CoreMedia.framework; path = System/Library/Frameworks/CoreMedia.framework; sourceTree = SDKROOT; };
		1CE956079588EDEB688ACA0B /* MODEL_BUNDLE_MANIFEST.json */ = {isa = PBXFileReference; lastKnownFileType = text.json; path = MODEL_BUNDLE_MANIFEST.json; sourceTree = "<group>"; };
		1EF82C688E74CD0843351A51 /* ExpressionRigFrame.swift */ = {isa = PBXFileReference; lastKnownFileType = sourcecode.swift; path = ExpressionRigFrame.swift; sourceTree = "<group>"; };
		216E886CE6E6DDE15B2F6FDA /* FaceTrackingProviding.swift */ = {isa = PBXFileReference; lastKnownFileType = sourcecode.swift; path = FaceTrackingProviding.swift; sourceTree = "<group>"; };
		22EBAE114A8202913B1D68ED /* Info.plist */ = {isa = PBXFileReference; lastKnownFileType = text.plist; path = Info.plist; sourceTree = "<group>"; };
		24FB3C8F74DF555442F9D536 /* VirtualFaceCamApp.app */ = {isa = PBXFileReference; explicitFileType = wrapper.application; includeInIndex = 0; path = VirtualFaceCamApp.app; sourceTree = BUILT_PRODUCTS_DIR; };
		2B2D6D63EB86EE3BEA88E0CD /* VirtualCameraProviding.swift */ = {isa = PBXFileReference; lastKnownFileType = sourcecode.swift; path = VirtualCameraProviding.swift; sourceTree = "<group>"; };
		2B859D3F5249EDFB41F6D496 /* ProfessionalPipelineStatus.swift */ = {isa = PBXFileReference; lastKnownFileType = sourcecode.swift; path = ProfessionalPipelineStatus.swift; sourceTree = "<group>"; };
		361378FC5D63BDDF5A9692ED /* main.swift */ = {isa = PBXFileReference; lastKnownFileType = sourcecode.swift; path = main.swift; sourceTree = "<group>"; };
		364593FAE5B3C11B9546BF18 /* VirtualFaceCamDALPlugin.m */ = {isa = PBXFileReference; lastKnownFileType = sourcecode.c.objc; path = VirtualFaceCamDALPlugin.m; sourceTree = "<group>"; };
		36A580895425659E770DD049 /* Assets.xcassets */ = {isa = PBXFileReference; lastKnownFileType = folder.assetcatalog; path = Assets.xcassets; sourceTree = "<group>"; };
		38275D4FFA2908322484FB7E /* FaceTemporalFilter.swift */ = {isa = PBXFileReference; lastKnownFileType = sourcecode.swift; path = FaceTemporalFilter.swift; sourceTree = "<group>"; };
		3E24CD99686EB37E3FAD7917 /* README.md */ = {isa = PBXFileReference; lastKnownFileType = net.daringfireball.markdown; path = README.md; sourceTree = "<group>"; };
		47B530727C13D8F4B90F547C /* MultiFaceTemporalFilter.swift */ = {isa = PBXFileReference; lastKnownFileType = sourcecode.swift; path = MultiFaceTemporalFilter.swift; sourceTree = "<group>"; };
		49C62C6A34021E23BB87F6E0 /* VirtualFaceCamAppTests.swift */ = {isa = PBXFileReference; lastKnownFileType = sourcecode.swift; path = VirtualFaceCamAppTests.swift; sourceTree = "<group>"; };
		508DC97EA77D7A94D0658B51 /* ContentView.swift */ = {isa = PBXFileReference; lastKnownFileType = sourcecode.swift; path = ContentView.swift; sourceTree = "<group>"; };
		53BE98B54869623A51DE4ED4 /* VirtualCameraExtensionStream.swift */ = {isa = PBXFileReference; lastKnownFileType = sourcecode.swift; path = VirtualCameraExtensionStream.swift; sourceTree = "<group>"; };
		5DEE3CBD3A12B45DA5A88566 /* VideoCaptureManager.swift */ = {isa = PBXFileReference; lastKnownFileType = sourcecode.swift; path = VideoCaptureManager.swift; sourceTree = "<group>"; };
		5FBE82DD203D7C51B10E8398 /* Info.plist */ = {isa = PBXFileReference; lastKnownFileType = text.plist; path = Info.plist; sourceTree = "<group>"; };
		609D520D5126EE84DC9AC3A7 /* CameraExtensionInstaller.swift */ = {isa = PBXFileReference; lastKnownFileType = sourcecode.swift; path = CameraExtensionInstaller.swift; sourceTree = "<group>"; };
		619385E13A5C71EC712C4E6F /* MetalAvatarRenderer.swift */ = {isa = PBXFileReference; lastKnownFileType = sourcecode.swift; path = MetalAvatarRenderer.swift; sourceTree = "<group>"; };
		63A193260AD0D6B61D471539 /* MediaPipeBlendshapeMapper.swift */ = {isa = PBXFileReference; lastKnownFileType = sourcecode.swift; path = MediaPipeBlendshapeMapper.swift; sourceTree = "<group>"; };
		64C6B2F38EA4984604EC0EF0 /* VirtualFaceCamApp.entitlements */ = {isa = PBXFileReference; lastKnownFileType = text.plist.entitlements; path = VirtualFaceCamApp.entitlements; sourceTree = "<group>"; };
		6779C85BB31FCE2A35ECBD61 /* DALFrameBridge.swift */ = {isa = PBXFileReference; lastKnownFileType = sourcecode.swift; path = DALFrameBridge.swift; sourceTree = "<group>"; };
		6D2609879E510F3CE7ABA662 /* ProfessionalModelInstaller.swift */ = {isa = PBXFileReference; lastKnownFileType = sourcecode.swift; path = ProfessionalModelInstaller.swift; sourceTree = "<group>"; };
		6FF40DEC279BA14336B887A8 /* ProfessionalFacePipeline.swift */ = {isa = PBXFileReference; lastKnownFileType = sourcecode.swift; path = ProfessionalFacePipeline.swift; sourceTree = "<group>"; };
		73C1DF66AA81A3B3BA8503A3 /* VirtualFaceCamDALPluginScaffold.framework */ = {isa = PBXFileReference; explicitFileType = wrapper.framework; includeInIndex = 0; path = VirtualFaceCamDALPluginScaffold.framework; sourceTree = BUILT_PRODUCTS_DIR; };
		761F60CB775F039A8B3A812B /* TrackingMode.swift */ = {isa = PBXFileReference; lastKnownFileType = sourcecode.swift; path = TrackingMode.swift; sourceTree = "<group>"; };
		763B8772EA5319AD5918A57A /* face_landmarker.task */ = {isa = PBXFileReference; path = face_landmarker.task; sourceTree = "<group>"; };
		76EAFA67CD3EC0E86F2C1C96 /* VirtualCameraOutput.swift */ = {isa = PBXFileReference; lastKnownFileType = sourcecode.swift; path = VirtualCameraOutput.swift; sourceTree = "<group>"; };
		77F11BA21921DDEAADFCE53C /* Foundation.framework */ = {isa = PBXFileReference; lastKnownFileType = wrapper.framework; name = Foundation.framework; path = System/Library/Frameworks/Foundation.framework; sourceTree = SDKROOT; };
		8C712A62AA681C940B01BFD4 /* FaceTrackingService.swift */ = {isa = PBXFileReference; lastKnownFileType = sourcecode.swift; path = FaceTrackingService.swift; sourceTree = "<group>"; };
		8EB5930B23402BE266B38EEE /* version-RFB-640.onnx */ = {isa = PBXFileReference; path = "version-RFB-640.onnx"; sourceTree = "<group>"; };
		8FECF54008FB0CB33B294DCF /* BlendshapeCatalog.swift */ = {isa = PBXFileReference; lastKnownFileType = sourcecode.swift; path = BlendshapeCatalog.swift; sourceTree = "<group>"; };
		93136ACB57F5856998CFEC2A /* PreviewView.swift */ = {isa = PBXFileReference; lastKnownFileType = sourcecode.swift; path = PreviewView.swift; sourceTree = "<group>"; };
		9A523B4BEE3426D1DDB65207 /* CanonicalHeadGeometry.swift */ = {isa = PBXFileReference; lastKnownFileType = sourcecode.swift; path = CanonicalHeadGeometry.swift; sourceTree = "<group>"; };
		9BEC0916F25D4F9F94EE932E /* AvatarMeshWarpRenderer.swift */ = {isa = PBXFileReference; lastKnownFileType = sourcecode.swift; path = AvatarMeshWarpRenderer.swift; sourceTree = "<group>"; };
		9DE8537DC791025D44C336A9 /* ProceduralIdentityTextureGenerator.swift */ = {isa = PBXFileReference; lastKnownFileType = sourcecode.swift; path = ProceduralIdentityTextureGenerator.swift; sourceTree = "<group>"; };
		A052D62EAEF8810D0EFDE950 /* AvatarPreprocessor.swift */ = {isa = PBXFileReference; lastKnownFileType = sourcecode.swift; path = AvatarPreprocessor.swift; sourceTree = "<group>"; };
		A63AA4273283326D04CA0375 /* ControlPanelView.swift */ = {isa = PBXFileReference; lastKnownFileType = sourcecode.swift; path = ControlPanelView.swift; sourceTree = "<group>"; };
		A8ADCA5FBCA2BA4559E230AB /* VideoCaptureProviding.swift */ = {isa = PBXFileReference; lastKnownFileType = sourcecode.swift; path = VideoCaptureProviding.swift; sourceTree = "<group>"; };
		AEDB22845A9F65D8CA4395C4 /* DALAutoInstaller.swift */ = {isa = PBXFileReference; lastKnownFileType = sourcecode.swift; path = DALAutoInstaller.swift; sourceTree = "<group>"; };
		B68207E372F59DAE01F0F20E /* AppViewModel.swift */ = {isa = PBXFileReference; lastKnownFileType = sourcecode.swift; path = AppViewModel.swift; sourceTree = "<group>"; };
		B88AA7C7C64454B5B0D407EE /* AvatarModel.swift */ = {isa = PBXFileReference; lastKnownFileType = sourcecode.swift; path = AvatarModel.swift; sourceTree = "<group>"; };
		BC5C88DFCA99DB1BF8DDC779 /* RenderingProviding.swift */ = {isa = PBXFileReference; lastKnownFileType = sourcecode.swift; path = RenderingProviding.swift; sourceTree = "<group>"; };
		C5183C8C956D8293BBFB36E3 /* InternalDenseFittingReplica.swift */ = {isa = PBXFileReference; lastKnownFileType = sourcecode.swift; path = InternalDenseFittingReplica.swift; sourceTree = "<group>"; };
		CB95F3486098ED3FD784EAB2 /* SharedFrameReader.swift */ = {isa = PBXFileReference; lastKnownFileType = sourcecode.swift; path = SharedFrameReader.swift; sourceTree = "<group>"; };
		CE0E04E3CAF591DCDF20DA89 /* VirtualFaceCamAppTests.xctest */ = {isa = PBXFileReference; explicitFileType = wrapper.cfbundle; includeInIndex = 0; path = VirtualFaceCamAppTests.xctest; sourceTree = BUILT_PRODUCTS_DIR; };
		CEE3A5A2AA943BAB2F4D9A06 /* CoreMediaIO.framework */ = {isa = PBXFileReference; lastKnownFileType = wrapper.framework; name = CoreMediaIO.framework; path = System/Library/Frameworks/CoreMediaIO.framework; sourceTree = SDKROOT; };
		CFDE577DAE5ADB15E4CD852D /* AvatarEngineProviding.swift */ = {isa = PBXFileReference; lastKnownFileType = sourcecode.swift; path = AvatarEngineProviding.swift; sourceTree = "<group>"; };
		D24D64596A32AB6A7190EF5A /* ProfessionalModelAssetManager.swift */ = {isa = PBXFileReference; lastKnownFileType = sourcecode.swift; path = ProfessionalModelAssetManager.swift; sourceTree = "<group>"; };
		D3AD6D9A039D0AD673FA6E6B /* VirtualFaceCamDALPlugin.swift */ = {isa = PBXFileReference; lastKnownFileType = sourcecode.swift; path = VirtualFaceCamDALPlugin.swift; sourceTree = "<group>"; };
		D3DE185F8C9431669312BED1 /* VirtualFaceCamApp.swift */ = {isa = PBXFileReference; lastKnownFileType = sourcecode.swift; path = VirtualFaceCamApp.swift; sourceTree = "<group>"; };
		D487E8DDD4A11EC2FFBF22A1 /* AvatarEngine.swift */ = {isa = PBXFileReference; lastKnownFileType = sourcecode.swift; path = AvatarEngine.swift; sourceTree = "<group>"; };
		D80D5BE9E958C483B1D82662 /* SharedFrameReader.swift */ = {isa = PBXFileReference; lastKnownFileType = sourcecode.swift; path = SharedFrameReader.swift; sourceTree = "<group>"; };
		DA25789AAA37476B07243E3F /* DALPluginStatusService.swift */ = {isa = PBXFileReference; lastKnownFileType = sourcecode.swift; path = DALPluginStatusService.swift; sourceTree = "<group>"; };
		DA4C30631787371C68E50057 /* CanonicalBlendshapeRig.swift */ = {isa = PBXFileReference; lastKnownFileType = sourcecode.swift; path = CanonicalBlendshapeRig.swift; sourceTree = "<group>"; };
		DE77176BC81EB684423C539A /* FaceLandmarks.swift */ = {isa = PBXFileReference; lastKnownFileType = sourcecode.swift; path = FaceLandmarks.swift; sourceTree = "<group>"; };
		E0FF12E557FB20BDC187424E /* InternalIdentityRegressor.swift */ = {isa = PBXFileReference; lastKnownFileType = sourcecode.swift; path = InternalIdentityRegressor.swift; sourceTree = "<group>"; };
		E1A5F33D6A8FA029CB6E3CDE /* VirtualCameraExtensionDevice.swift */ = {isa = PBXFileReference; lastKnownFileType = sourcecode.swift; path = VirtualCameraExtensionDevice.swift; sourceTree = "<group>"; };
		E271EE9EAFDE4D750B5A05F9 /* VisionFaceLandmarkExtractor.swift */ = {isa = PBXFileReference; lastKnownFileType = sourcecode.swift; path = VisionFaceLandmarkExtractor.swift; sourceTree = "<group>"; };
		E68869B08161600761D4A1F1 /* CanonicalAvatarFittingService.swift */ = {isa = PBXFileReference; lastKnownFileType = sourcecode.swift; path = CanonicalAvatarFittingService.swift; sourceTree = "<group>"; };
		E6D7557D306C7E0D4F37841A /* VirtualCameraExtensionProvider.swift */ = {isa = PBXFileReference; lastKnownFileType = sourcecode.swift; path = VirtualCameraExtensionProvider.swift; sourceTree = "<group>"; };
		E7BF210D347D8D2F871ADA37 /* RenderingEngine.swift */ = {isa = PBXFileReference; lastKnownFileType = sourcecode.swift; path = RenderingEngine.swift; sourceTree = "<group>"; };
		E9579CAC099D6CAB6CC78804 /* HeadMatteGenerator.swift */ = {isa = PBXFileReference; lastKnownFileType = sourcecode.swift; path = HeadMatteGenerator.swift; sourceTree = "<group>"; };
		EF222EF4D562317DA7DD7D9E /* VirtualFaceCamCameraExtension.entitlements */ = {isa = PBXFileReference; lastKnownFileType = text.plist.entitlements; path = VirtualFaceCamCameraExtension.entitlements; sourceTree = "<group>"; };
/* End PBXFileReference section */

/* Begin PBXFrameworksBuildPhase section */
		402F6CF0F6BF8EAD58A1308D /* Frameworks */ = {
			isa = PBXFrameworksBuildPhase;
			buildActionMask = 2147483647;
			files = (
				2363838A78A5C412AC859DA8 /* CoreMediaIO.framework in Frameworks */,
				FB6259EC20F9B0D1C5181157 /* CoreMedia.framework in Frameworks */,
				FC0C09981039DAAE8ADCF37C /* CoreVideo.framework in Frameworks */,
				45B22914F653FFBAD2699D73 /* Foundation.framework in Frameworks */,
			);
			runOnlyForDeploymentPostprocessing = 0;
		};
		72EB7DA7C8445A6201F98260 /* Frameworks */ = {
			isa = PBXFrameworksBuildPhase;
			buildActionMask = 2147483647;
			files = (
				DBF739726475CE83E461C3B2 /* CoreMediaIO.framework in Frameworks */,
				5C16A6AF6B4CD8D7566DFFD0 /* CoreMedia.framework in Frameworks */,
				468F47D26BDCD7E0BB59CCB8 /* CoreVideo.framework in Frameworks */,
				F2F8A51184558F32F4853578 /* Foundation.framework in Frameworks */,
			);
			runOnlyForDeploymentPostprocessing = 0;
		};
		D4CC11BB8C70C1730A424FE4 /* Frameworks */ = {
			isa = PBXFrameworksBuildPhase;
			buildActionMask = 2147483647;
			files = (
				755DCBF488F56A2E892236ED /* onnxruntime in Frameworks */,
				8EA21AA9E3B945ECB6071230 /* VirtualFaceCamDALPluginScaffold.framework in Frameworks */,
			);
			runOnlyForDeploymentPostprocessing = 0;
		};
/* End PBXFrameworksBuildPhase section */

/* Begin PBXGroup section */
		038716327F09524080CFBCD4 /* Domain */ = {
			isa = PBXGroup;
			children = (
				69C9501EE4D74DF353E44BF7 /* Models */,
				EC4E64BD27DF3453F9179503 /* Protocols */,
			);
			path = Domain;
			sourceTree = "<group>";
		};
		0C6C5AC537EC6BDC29DD6DD2 /* ViewModels */ = {
			isa = PBXGroup;
			children = (
				B68207E372F59DAE01F0F20E /* AppViewModel.swift */,
			);
			path = ViewModels;
			sourceTree = "<group>";
		};
		18D96AB0F518E227DCF68459 /* Preview */ = {
			isa = PBXGroup;
			children = (
				93136ACB57F5856998CFEC2A /* PreviewView.swift */,
			);
			path = Preview;
			sourceTree = "<group>";
		};
		2B7C4FFAB927083AC5FA4B0E /* Sources */ = {
			isa = PBXGroup;
			children = (
				AA1F3A73651D74957E68D9D5 /* VirtualFaceCamApp */,
				8626D9BC3770606C3EB4183A /* VirtualFaceCamCameraExtension */,
				86EAE90EA0E99CC919A500EE /* VirtualFaceCamDALPlugin */,
				B5CB72BBC07EC6E20CD28C6E /* VirtualFaceCamDALPluginScaffold */,
			);
			path = Sources;
			sourceTree = "<group>";
		};
		2CCA50ED923990E1DF592B65 /* App */ = {
			isa = PBXGroup;
			children = (
				D3DE185F8C9431669312BED1 /* VirtualFaceCamApp.swift */,
			);
			path = App;
			sourceTree = "<group>";
		};
		33D6D1DD15452001C96A33DC /* VideoCapture */ = {
			isa = PBXGroup;
			children = (
				5DEE3CBD3A12B45DA5A88566 /* VideoCaptureManager.swift */,
			);
			path = VideoCapture;
			sourceTree = "<group>";
		};
		36B12C6AF9FD43D31C7EDD7B /* Tracking */ = {
			isa = PBXGroup;
			children = (
				8FECF54008FB0CB33B294DCF /* BlendshapeCatalog.swift */,
				38275D4FFA2908322484FB7E /* FaceTemporalFilter.swift */,
				8C712A62AA681C940B01BFD4 /* FaceTrackingService.swift */,
				63A193260AD0D6B61D471539 /* MediaPipeBlendshapeMapper.swift */,
				47B530727C13D8F4B90F547C /* MultiFaceTemporalFilter.swift */,
				E271EE9EAFDE4D750B5A05F9 /* VisionFaceLandmarkExtractor.swift */,
			);
			path = Tracking;
			sourceTree = "<group>";
		};
		4BFF4F1E52C515DA9F6CBF57 /* VirtualCamera */ = {
			isa = PBXGroup;
			children = (
				609D520D5126EE84DC9AC3A7 /* CameraExtensionInstaller.swift */,
				AEDB22845A9F65D8CA4395C4 /* DALAutoInstaller.swift */,
				DA25789AAA37476B07243E3F /* DALPluginStatusService.swift */,
				185A37C33D4593DCBF3FFA83 /* SharedFrameWriter.swift */,
				76EAFA67CD3EC0E86F2C1C96 /* VirtualCameraOutput.swift */,
			);
			path = VirtualCamera;
			sourceTree = "<group>";
		};
		4E9DFD695C2A761C73FA428C /* VirtualFaceCamAppTests */ = {
			isa = PBXGroup;
			children = (
				49C62C6A34021E23BB87F6E0 /* VirtualFaceCamAppTests.swift */,
			);
			path = VirtualFaceCamAppTests;
			sourceTree = "<group>";
		};
		5040F4488EB25EB94D9A99B2 /* Models */ = {
			isa = PBXGroup;
			children = (
				763B8772EA5319AD5918A57A /* face_landmarker.task */,
				1CE956079588EDEB688ACA0B /* MODEL_BUNDLE_MANIFEST.json */,
				3E24CD99686EB37E3FAD7917 /* README.md */,
				8EB5930B23402BE266B38EEE /* version-RFB-640.onnx */,
			);
			path = Models;
			sourceTree = "<group>";
		};
		61089FFCB7024F1512D6CA23 /* Rendering */ = {
			isa = PBXGroup;
			children = (
				9BEC0916F25D4F9F94EE932E /* AvatarMeshWarpRenderer.swift */,
				9A523B4BEE3426D1DDB65207 /* CanonicalHeadGeometry.swift */,
				E9579CAC099D6CAB6CC78804 /* HeadMatteGenerator.swift */,
				619385E13A5C71EC712C4E6F /* MetalAvatarRenderer.swift */,
				E7BF210D347D8D2F871ADA37 /* RenderingEngine.swift */,
			);
			path = Rendering;
			sourceTree = "<group>";
		};
		69C9501EE4D74DF353E44BF7 /* Models */ = {
			isa = PBXGroup;
			children = (
				B88AA7C7C64454B5B0D407EE /* AvatarModel.swift */,
				1EF82C688E74CD0843351A51 /* ExpressionRigFrame.swift */,
				DE77176BC81EB684423C539A /* FaceLandmarks.swift */,
				2B859D3F5249EDFB41F6D496 /* ProfessionalPipelineStatus.swift */,
				761F60CB775F039A8B3A812B /* TrackingMode.swift */,
			);
			path = Models;
			sourceTree = "<group>";
		};
		73A122D56D7BA2C4B076A3B6 /* Resources */ = {
			isa = PBXGroup;
			children = (
				36A580895425659E770DD049 /* Assets.xcassets */,
				5040F4488EB25EB94D9A99B2 /* Models */,
				F61048862627C7B81C2CB370 /* Shaders */,
			);
			path = Resources;
			sourceTree = "<group>";
		};
		77E268B4AB7FE69169BE881E /* Professional */ = {
			isa = PBXGroup;
			children = (
				C5183C8C956D8293BBFB36E3 /* InternalDenseFittingReplica.swift */,
				E0FF12E557FB20BDC187424E /* InternalIdentityRegressor.swift */,
				6FF40DEC279BA14336B887A8 /* ProfessionalFacePipeline.swift */,
				D24D64596A32AB6A7190EF5A /* ProfessionalModelAssetManager.swift */,
				6D2609879E510F3CE7ABA662 /* ProfessionalModelInstaller.swift */,
			);
			path = Professional;
			sourceTree = "<group>";
		};
		794889AF4B30F3DC20171720 /* Frameworks */ = {
			isa = PBXGroup;
			children = (
				187093131FB2DA4A1EF92298 /* CoreMedia.framework */,
				CEE3A5A2AA943BAB2F4D9A06 /* CoreMediaIO.framework */,
				09CDF2FB33EB8CA5BB087F20 /* CoreVideo.framework */,
				77F11BA21921DDEAADFCE53C /* Foundation.framework */,
			);
			name = Frameworks;
			sourceTree = "<group>";
		};
		8626D9BC3770606C3EB4183A /* VirtualFaceCamCameraExtension */ = {
			isa = PBXGroup;
			children = (
				5FBE82DD203D7C51B10E8398 /* Info.plist */,
				361378FC5D63BDDF5A9692ED /* main.swift */,
				CB95F3486098ED3FD784EAB2 /* SharedFrameReader.swift */,
				E1A5F33D6A8FA029CB6E3CDE /* VirtualCameraExtensionDevice.swift */,
				E6D7557D306C7E0D4F37841A /* VirtualCameraExtensionProvider.swift */,
				53BE98B54869623A51DE4ED4 /* VirtualCameraExtensionStream.swift */,
				EF222EF4D562317DA7DD7D9E /* VirtualFaceCamCameraExtension.entitlements */,
			);
			path = VirtualFaceCamCameraExtension;
			sourceTree = "<group>";
		};
		86EAE90EA0E99CC919A500EE /* VirtualFaceCamDALPlugin */ = {
			isa = PBXGroup;
			children = (
				22EBAE114A8202913B1D68ED /* Info.plist */,
				364593FAE5B3C11B9546BF18 /* VirtualFaceCamDALPlugin.m */,
			);
			path = VirtualFaceCamDALPlugin;
			sourceTree = "<group>";
		};
		8AA35EE789C872E9BF064C8A /* Services */ = {
			isa = PBXGroup;
			children = (
				AF91B31EAC297CD01B7FEEDF /* Avatar */,
				77E268B4AB7FE69169BE881E /* Professional */,
				61089FFCB7024F1512D6CA23 /* Rendering */,
				36B12C6AF9FD43D31C7EDD7B /* Tracking */,
				33D6D1DD15452001C96A33DC /* VideoCapture */,
				4BFF4F1E52C515DA9F6CBF57 /* VirtualCamera */,
			);
			path = Services;
			sourceTree = "<group>";
		};
		9E963B0A6EDE0FFEAABBAF23 /* Products */ = {
			isa = PBXGroup;
			children = (
				24FB3C8F74DF555442F9D536 /* VirtualFaceCamApp.app */,
				CE0E04E3CAF591DCDF20DA89 /* VirtualFaceCamAppTests.xctest */,
				0A6DDBD37C0135C7653B18CB /* VirtualFaceCamCameraExtension.systemextension */,
				1774E17D2E0F4FB7483E0696 /* VirtualFaceCamDALPlugin.bundle */,
				73C1DF66AA81A3B3BA8503A3 /* VirtualFaceCamDALPluginScaffold.framework */,
			);
			name = Products;
			sourceTree = "<group>";
		};
		A26A6A8642ED5AE8F2377925 /* Tests */ = {
			isa = PBXGroup;
			children = (
				4E9DFD695C2A761C73FA428C /* VirtualFaceCamAppTests */,
			);
			path = Tests;
			sourceTree = "<group>";
		};
		AA1F3A73651D74957E68D9D5 /* VirtualFaceCamApp */ = {
			isa = PBXGroup;
			children = (
				64C6B2F38EA4984604EC0EF0 /* VirtualFaceCamApp.entitlements */,
				2CCA50ED923990E1DF592B65 /* App */,
				038716327F09524080CFBCD4 /* Domain */,
				73A122D56D7BA2C4B076A3B6 /* Resources */,
				8AA35EE789C872E9BF064C8A /* Services */,
				E17B0E2846F58F45541547F3 /* Support */,
				EDBDB0BD12B9DDF5DF241951 /* UI */,
				0C6C5AC537EC6BDC29DD6DD2 /* ViewModels */,
			);
			path = VirtualFaceCamApp;
			sourceTree = "<group>";
		};
		AF91B31EAC297CD01B7FEEDF /* Avatar */ = {
			isa = PBXGroup;
			children = (
				D487E8DDD4A11EC2FFBF22A1 /* AvatarEngine.swift */,
				A052D62EAEF8810D0EFDE950 /* AvatarPreprocessor.swift */,
				E68869B08161600761D4A1F1 /* CanonicalAvatarFittingService.swift */,
				DA4C30631787371C68E50057 /* CanonicalBlendshapeRig.swift */,
				131D207043BC224B09CC9501 /* MeshGenerator.swift */,
				9DE8537DC791025D44C336A9 /* ProceduralIdentityTextureGenerator.swift */,
			);
			path = Avatar;
			sourceTree = "<group>";
		};
		B5CB72BBC07EC6E20CD28C6E /* VirtualFaceCamDALPluginScaffold */ = {
			isa = PBXGroup;
			children = (
				6779C85BB31FCE2A35ECBD61 /* DALFrameBridge.swift */,
				D80D5BE9E958C483B1D82662 /* SharedFrameReader.swift */,
				D3AD6D9A039D0AD673FA6E6B /* VirtualFaceCamDALPlugin.swift */,
			);
			path = VirtualFaceCamDALPluginScaffold;
			sourceTree = "<group>";
		};
		C88D35EF014B09FB685BC052 = {
			isa = PBXGroup;
			children = (
				2B7C4FFAB927083AC5FA4B0E /* Sources */,
				A26A6A8642ED5AE8F2377925 /* Tests */,
				794889AF4B30F3DC20171720 /* Frameworks */,
				9E963B0A6EDE0FFEAABBAF23 /* Products */,
			);
			sourceTree = "<group>";
		};
		D2CDBFB212B33D0865D13F1E /* Controls */ = {
			isa = PBXGroup;
			children = (
				A63AA4273283326D04CA0375 /* ControlPanelView.swift */,
			);
			path = Controls;
			sourceTree = "<group>";
		};
		E17B0E2846F58F45541547F3 /* Support */ = {
			isa = PBXGroup;
			children = (
				0048FA2965AF923DFE915CF4 /* DependencyContainer.swift */,
			);
			path = Support;
			sourceTree = "<group>";
		};
		EC4E64BD27DF3453F9179503 /* Protocols */ = {
			isa = PBXGroup;
			children = (
				CFDE577DAE5ADB15E4CD852D /* AvatarEngineProviding.swift */,
				216E886CE6E6DDE15B2F6FDA /* FaceTrackingProviding.swift */,
				BC5C88DFCA99DB1BF8DDC779 /* RenderingProviding.swift */,
				A8ADCA5FBCA2BA4559E230AB /* VideoCaptureProviding.swift */,
				2B2D6D63EB86EE3BEA88E0CD /* VirtualCameraProviding.swift */,
			);
			path = Protocols;
			sourceTree = "<group>";
		};
		EDBDB0BD12B9DDF5DF241951 /* UI */ = {
			isa = PBXGroup;
			children = (
				508DC97EA77D7A94D0658B51 /* ContentView.swift */,
				D2CDBFB212B33D0865D13F1E /* Controls */,
				18D96AB0F518E227DCF68459 /* Preview */,
			);
			path = UI;
			sourceTree = "<group>";
		};
		F61048862627C7B81C2CB370 /* Shaders */ = {
			isa = PBXGroup;
			children = (
				0F44A3FD708DC3A36E94BE54 /* AvatarWarp.metal */,
			);
			path = Shaders;
			sourceTree = "<group>";
		};
/* End PBXGroup section */

/* Begin PBXNativeTarget section */
		4304FDD6E5F267A81E734257 /* VirtualFaceCamDALPlugin */ = {
			isa = PBXNativeTarget;
			buildConfigurationList = B9FC083A4C9C02ABF6316BB9 /* Build configuration list for PBXNativeTarget "VirtualFaceCamDALPlugin" */;
			buildPhases = (
				15B2BEEEC35C033DF8938BD3 /* Sources */,
				402F6CF0F6BF8EAD58A1308D /* Frameworks */,
			);
			buildRules = (
			);
			dependencies = (
			);
			name = VirtualFaceCamDALPlugin;
			packageProductDependencies = (
			);
			productName = VirtualFaceCamDALPlugin;
			productReference = 1774E17D2E0F4FB7483E0696 /* VirtualFaceCamDALPlugin.bundle */;
			productType = "com.apple.product-type.bundle";
		};
		7097B86FEC236C0B83F3E07B /* VirtualFaceCamAppTests */ = {
			isa = PBXNativeTarget;
			buildConfigurationList = 1FC547351FE7D72CF332C15C /* Build configuration list for PBXNativeTarget "VirtualFaceCamAppTests" */;
			buildPhases = (
				0F77E6A640C13C2AC8AA7A5D /* Sources */,
			);
			buildRules = (
			);
			dependencies = (
				1101906BB84F0EDCC4B6146F /* PBXTargetDependency */,
			);
			name = VirtualFaceCamAppTests;
			packageProductDependencies = (
			);
			productName = VirtualFaceCamAppTests;
			productReference = CE0E04E3CAF591DCDF20DA89 /* VirtualFaceCamAppTests.xctest */;
			productType = "com.apple.product-type.bundle.unit-test";
		};
		82C025ADCF1213C0BA408CAC /* VirtualFaceCamApp */ = {
			isa = PBXNativeTarget;
			buildConfigurationList = 129C8F2BB7FA1E66234670C3 /* Build configuration list for PBXNativeTarget "VirtualFaceCamApp" */;
			buildPhases = (
				32ED444179D9B205632EEFAE /* Sources */,
				7B81EAD884A876FD5AAB4C96 /* Resources */,
				D4CC11BB8C70C1730A424FE4 /* Frameworks */,
				CDDFAC86B3208104EDCF5CDF /* Embed System Extensions */,
				5E57F686531861AA1243ACB3 /* Embed Frameworks */,
				35F5AF46C28B45EC38CAA7D7 /* Embed DAL Plugin Bundle */,
			);
			buildRules = (
			);
			dependencies = (
				23F6C07B8460F3E3F7887B75 /* PBXTargetDependency */,
				C84FC7B671D8792D3CC4B939 /* PBXTargetDependency */,
				140AC2E17C17C322F7DBEAEA /* PBXTargetDependency */,
			);
			name = VirtualFaceCamApp;
			packageProductDependencies = (
				E5C82E8D866E3E0D8D024176 /* onnxruntime */,
			);
			productName = VirtualFaceCamApp;
			productReference = 24FB3C8F74DF555442F9D536 /* VirtualFaceCamApp.app */;
			productType = "com.apple.product-type.application";
		};
		8D19DCDE321EFA6E5F167547 /* VirtualFaceCamCameraExtension */ = {
			isa = PBXNativeTarget;
			buildConfigurationList = 308CF433283215C1AC1B9249 /* Build configuration list for PBXNativeTarget "VirtualFaceCamCameraExtension" */;
			buildPhases = (
				EC9D5840B9140635E59B52A9 /* Sources */,
				72EB7DA7C8445A6201F98260 /* Frameworks */,
			);
			buildRules = (
			);
			dependencies = (
			);
			name = VirtualFaceCamCameraExtension;
			packageProductDependencies = (
			);
			productName = VirtualFaceCamCameraExtension;
			productReference = 0A6DDBD37C0135C7653B18CB /* VirtualFaceCamCameraExtension.systemextension */;
			productType = "com.apple.product-type.system-extension";
		};
		E1AA57B0ACE9660C9EB63B3E /* VirtualFaceCamDALPluginScaffold */ = {
			isa = PBXNativeTarget;
			buildConfigurationList = A7F5B2A3B460F314F99F0714 /* Build configuration list for PBXNativeTarget "VirtualFaceCamDALPluginScaffold" */;
			buildPhases = (
				85267D7419E936B072B22A7D /* Sources */,
			);
			buildRules = (
			);
			dependencies = (
			);
			name = VirtualFaceCamDALPluginScaffold;
			packageProductDependencies = (
			);
			productName = VirtualFaceCamDALPluginScaffold;
			productReference = 73C1DF66AA81A3B3BA8503A3 /* VirtualFaceCamDALPluginScaffold.framework */;
			productType = "com.apple.product-type.framework";
		};
/* End PBXNativeTarget section */

/* Begin PBXProject section */
		815510FEE3B1C3C9F4CEC92D /* Project object */ = {
			isa = PBXProject;
			attributes = {
				BuildIndependentTargetsInParallel = YES;
				LastUpgradeCheck = 1430;
				TargetAttributes = {
					4304FDD6E5F267A81E734257 = {
						DevelopmentTeam = 4528JQYZKF;
						ProvisioningStyle = Automatic;
					};
					7097B86FEC236C0B83F3E07B = {
						DevelopmentTeam = 4528JQYZKF;
						ProvisioningStyle = Automatic;
					};
					82C025ADCF1213C0BA408CAC = {
						DevelopmentTeam = 4528JQYZKF;
						ProvisioningStyle = Automatic;
					};
					8D19DCDE321EFA6E5F167547 = {
						DevelopmentTeam = 4528JQYZKF;
						ProvisioningStyle = Automatic;
					};
					E1AA57B0ACE9660C9EB63B3E = {
						DevelopmentTeam = 4528JQYZKF;
						ProvisioningStyle = Automatic;
					};
				};
			};
			buildConfigurationList = CAE9BD774D62E2C38EFC192B /* Build configuration list for PBXProject "VirtualFaceCam" */;
			compatibilityVersion = "Xcode 14.0";
			developmentRegion = en;
			hasScannedForEncodings = 0;
			knownRegions = (
				Base,
				en,
			);
			mainGroup = C88D35EF014B09FB685BC052;
			minimizedProjectReferenceProxies = 1;
			packageReferences = (
				F75BD99206D5CC0FE374366F /* XCRemoteSwiftPackageReference "onnxruntime-swift-package-manager" */,
			);
			preferredProjectObjectVersion = 54;
			projectDirPath = "";
			projectRoot = "";
			targets = (
				82C025ADCF1213C0BA408CAC /* VirtualFaceCamApp */,
				7097B86FEC236C0B83F3E07B /* VirtualFaceCamAppTests */,
				8D19DCDE321EFA6E5F167547 /* VirtualFaceCamCameraExtension */,
				4304FDD6E5F267A81E734257 /* VirtualFaceCamDALPlugin */,
				E1AA57B0ACE9660C9EB63B3E /* VirtualFaceCamDALPluginScaffold */,
			);
		};
/* End PBXProject section */

/* Begin PBXResourcesBuildPhase section */
		7B81EAD884A876FD5AAB4C96 /* Resources */ = {
			isa = PBXResourcesBuildPhase;
			buildActionMask = 2147483647;
			files = (
				474AD77B9140148C7B91EB36 /* Assets.xcassets in Resources */,
				AD718FFBEE777B62F9792E09 /* MODEL_BUNDLE_MANIFEST.json in Resources */,
				A5ADCC1B26AD9F20571319BA /* README.md in Resources */,
				E228F557E8918E3FC3FDD3C0 /* face_landmarker.task in Resources */,
				E0E9B4699AFDD62DF7537207 /* version-RFB-640.onnx in Resources */,
				02CE83AAF48DBC2634C688F5 /* VirtualFaceCamDALPlugin.bundle in Resources */,
			);
			runOnlyForDeploymentPostprocessing = 0;
		};
/* End PBXResourcesBuildPhase section */

/* Begin PBXShellScriptBuildPhase section */
		35F5AF46C28B45EC38CAA7D7 /* Embed DAL Plugin Bundle */ = {
			isa = PBXShellScriptBuildPhase;
			buildActionMask = 2147483647;
			files = (
			);
			inputFileListPaths = (
			);
			inputPaths = (
			);
			name = "Embed DAL Plugin Bundle";
			outputFileListPaths = (
			);
			outputPaths = (
				"$(TARGET_BUILD_DIR)/$(CONTENTS_FOLDER_PATH)/PlugIns/VirtualFaceCamDALPlugin.plugin",
			);
			runOnlyForDeploymentPostprocessing = 0;
			shellPath = /bin/sh;
			shellScript = "set -e\nSRC=\"${BUILT_PRODUCTS_DIR}/VirtualFaceCamDALPlugin.plugin\"\nDST=\"${TARGET_BUILD_DIR}/${CONTENTS_FOLDER_PATH}/PlugIns/VirtualFaceCamDALPlugin.plugin\"\nmkdir -p \"$(dirname \"$DST\")\"\nrm -rf \"$DST\"\nif [ ! -d \"$SRC\" ]; then\n  echo \"error: DAL plugin not found at $SRC\" >&2\n  exit 1\nfi\nditto \"$SRC\" \"$DST\"\n";
		};
/* End PBXShellScriptBuildPhase section */

/* Begin PBXSourcesBuildPhase section */
		0F77E6A640C13C2AC8AA7A5D /* Sources */ = {
			isa = PBXSourcesBuildPhase;
			buildActionMask = 2147483647;
			files = (
				24D2D28E7097F049F6593B44 /* VirtualFaceCamAppTests.swift in Sources */,
			);
			runOnlyForDeploymentPostprocessing = 0;
		};
		15B2BEEEC35C033DF8938BD3 /* Sources */ = {
			isa = PBXSourcesBuildPhase;
			buildActionMask = 2147483647;
			files = (
				12E32681CEE2BA635B6833D2 /* VirtualFaceCamDALPlugin.m in Sources */,
			);
			runOnlyForDeploymentPostprocessing = 0;
		};
		32ED444179D9B205632EEFAE /* Sources */ = {
			isa = PBXSourcesBuildPhase;
			buildActionMask = 2147483647;
			files = (
				2CF70062E71A49215820BFAC /* AppViewModel.swift in Sources */,
				9AA6464EC5903EA2F360A076 /* AvatarEngine.swift in Sources */,
				ACDEF32B5CB2A3E5C364A662 /* AvatarEngineProviding.swift in Sources */,
				319B2AF43267A3D13F364572 /* AvatarMeshWarpRenderer.swift in Sources */,
				E3634A22C39FE9E79617BF77 /* AvatarModel.swift in Sources */,
				A030D725E6208467393719C0 /* AvatarPreprocessor.swift in Sources */,
				8BA52964185DED8B93757EA1 /* AvatarWarp.metal in Sources */,
				287468C443C851E09B039B38 /* BlendshapeCatalog.swift in Sources */,
				0B8092DEB42EBD5C07144BD4 /* CameraExtensionInstaller.swift in Sources */,
				33641CEAE05BB3D215158A20 /* CanonicalAvatarFittingService.swift in Sources */,
				6C8BD1225E75ED7580D03B44 /* CanonicalBlendshapeRig.swift in Sources */,
				2687BE27F97B0659710C2654 /* CanonicalHeadGeometry.swift in Sources */,
				C4BEF9E3EE0AC20AE980EA6F /* ContentView.swift in Sources */,
				9586CC007ED409DC90081F1C /* ControlPanelView.swift in Sources */,
				92A086042BE9378E44531DFD /* DALAutoInstaller.swift in Sources */,
				E8E2435D56B8A7E6A85C5CDE /* DALPluginStatusService.swift in Sources */,
				0A5E40827262B9B5C0C58A4A /* DependencyContainer.swift in Sources */,
				5BFC823E495640ED94A2C3D1 /* ExpressionRigFrame.swift in Sources */,
				DB6E4AFAC5EEF2FE1C8775F8 /* FaceLandmarks.swift in Sources */,
				E75AA3D075C6B86D2468EA64 /* FaceTemporalFilter.swift in Sources */,
				D3F316B56F1EFA9D199EA524 /* FaceTrackingProviding.swift in Sources */,
				116895F8D403A6C096706C64 /* FaceTrackingService.swift in Sources */,
				91DB5C3A1A21C326EC227184 /* HeadMatteGenerator.swift in Sources */,
				0F04236547409D206144A1AD /* InternalDenseFittingReplica.swift in Sources */,
				C23FAEA1FAC1EF45FCF1DD99 /* InternalIdentityRegressor.swift in Sources */,
				2C3D3C2B3AEBC6EF8E475CDA /* MediaPipeBlendshapeMapper.swift in Sources */,
				17818AAD34D2870E86F99626 /* MeshGenerator.swift in Sources */,
				504361CBD4BB57D6EBF2C5ED /* MetalAvatarRenderer.swift in Sources */,
				E047115D864BFF0C210E2391 /* MultiFaceTemporalFilter.swift in Sources */,
				D04E83068FEE9778FA4888ED /* PreviewView.swift in Sources */,
				81BF2C40548DC7773C82C059 /* ProceduralIdentityTextureGenerator.swift in Sources */,
				40786605B51A2CB7B6D396EE /* ProfessionalFacePipeline.swift in Sources */,
				971A4B3A5E7404BE06A4F8DB /* ProfessionalModelAssetManager.swift in Sources */,
				FBA67DD16A8E09CAE5AE762E /* ProfessionalModelInstaller.swift in Sources */,
				B761B8DB7069AC0E6F55A2C0 /* ProfessionalPipelineStatus.swift in Sources */,
				181FA2EF56C666884EA22423 /* RenderingEngine.swift in Sources */,
				9E455E651B54793C82AAF2C9 /* RenderingProviding.swift in Sources */,
				BADF4F4D0BE6F5CB366C908C /* SharedFrameWriter.swift in Sources */,
				714E70C192A0B144E04FAECF /* TrackingMode.swift in Sources */,
				A699FB51288C048CF25DE03C /* VideoCaptureManager.swift in Sources */,
				A51CC6BCD6FB368EF9C40AD5 /* VideoCaptureProviding.swift in Sources */,
				BF2664337C3DA628D8DEB51C /* VirtualCameraOutput.swift in Sources */,
				F39451B4510776C3CDB940C3 /* VirtualCameraProviding.swift in Sources */,
				4934857940C3AB9E7CBEBF90 /* VirtualFaceCamApp.swift in Sources */,
				49E7E9A03312A5FA072EBAD2 /* VisionFaceLandmarkExtractor.swift in Sources */,
			);
			runOnlyForDeploymentPostprocessing = 0;
		};
		85267D7419E936B072B22A7D /* Sources */ = {
			isa = PBXSourcesBuildPhase;
			buildActionMask = 2147483647;
			files = (
				0462959C7876E1BE0F331E43 /* DALFrameBridge.swift in Sources */,
				BC8EB3F458792EE95AAE4DEB /* SharedFrameReader.swift in Sources */,
				801FF21416ABB1F642822B33 /* VirtualFaceCamDALPlugin.swift in Sources */,
			);
			runOnlyForDeploymentPostprocessing = 0;
		};
		EC9D5840B9140635E59B52A9 /* Sources */ = {
			isa = PBXSourcesBuildPhase;
			buildActionMask = 2147483647;
			files = (
				3FAD68A6FC9E4AA6E26D82AF /* SharedFrameReader.swift in Sources */,
				0C23FE7D55EF6EB0B5D8D9EB /* VirtualCameraExtensionDevice.swift in Sources */,
				CE07B29A1F3BFE00CD2F5002 /* VirtualCameraExtensionProvider.swift in Sources */,
				081D3BC1CF2C2C4EC5A325FA /* VirtualCameraExtensionStream.swift in Sources */,
				1F6DB14C5EAC468A9D563B3C /* main.swift in Sources */,
			);
			runOnlyForDeploymentPostprocessing = 0;
		};
/* End PBXSourcesBuildPhase section */

/* Begin PBXTargetDependency section */
		1101906BB84F0EDCC4B6146F /* PBXTargetDependency */ = {
			isa = PBXTargetDependency;
			target = 82C025ADCF1213C0BA408CAC /* VirtualFaceCamApp */;
			targetProxy = FC3C6A541FFE926D2266712D /* PBXContainerItemProxy */;
		};
		140AC2E17C17C322F7DBEAEA /* PBXTargetDependency */ = {
			isa = PBXTargetDependency;
			target = E1AA57B0ACE9660C9EB63B3E /* VirtualFaceCamDALPluginScaffold */;
			targetProxy = F7BE58EA5DCC4E7D1D18A99A /* PBXContainerItemProxy */;
		};
		23F6C07B8460F3E3F7887B75 /* PBXTargetDependency */ = {
			isa = PBXTargetDependency;
			target = 8D19DCDE321EFA6E5F167547 /* VirtualFaceCamCameraExtension */;
			targetProxy = 7D77F8C0F5B1908D4FC80767 /* PBXContainerItemProxy */;
		};
		C84FC7B671D8792D3CC4B939 /* PBXTargetDependency */ = {
			isa = PBXTargetDependency;
			target = 4304FDD6E5F267A81E734257 /* VirtualFaceCamDALPlugin */;
			targetProxy = 99109F74B9E3EC23C69AA94C /* PBXContainerItemProxy */;
		};
/* End PBXTargetDependency section */

/* Begin XCBuildConfiguration section */
		288627B7BBC54A09524EDFBC /* Debug */ = {
			isa = XCBuildConfiguration;
			buildSettings = {
				ALWAYS_SEARCH_USER_PATHS = NO;
				CLANG_ANALYZER_NONNULL = YES;
				CLANG_ANALYZER_NUMBER_OBJECT_CONVERSION = YES_AGGRESSIVE;
				CLANG_CXX_LANGUAGE_STANDARD = "gnu++14";
				CLANG_CXX_LIBRARY = "libc++";
				CLANG_ENABLE_MODULES = YES;
				CLANG_ENABLE_OBJC_ARC = YES;
				CLANG_ENABLE_OBJC_WEAK = YES;
				CLANG_WARN_BLOCK_CAPTURE_AUTORELEASING = YES;
				CLANG_WARN_BOOL_CONVERSION = YES;
				CLANG_WARN_COMMA = YES;
				CLANG_WARN_CONSTANT_CONVERSION = YES;
				CLANG_WARN_DEPRECATED_OBJC_IMPLEMENTATIONS = YES;
				CLANG_WARN_DIRECT_OBJC_ISA_USAGE = YES_ERROR;
				CLANG_WARN_DOCUMENTATION_COMMENTS = YES;
				CLANG_WARN_EMPTY_BODY = YES;
				CLANG_WARN_ENUM_CONVERSION = YES;
				CLANG_WARN_INFINITE_RECURSION = YES;
				CLANG_WARN_INT_CONVERSION = YES;
				CLANG_WARN_NON_LITERAL_NULL_CONVERSION = YES;
				CLANG_WARN_OBJC_IMPLICIT_RETAIN_SELF = YES;
				CLANG_WARN_OBJC_LITERAL_CONVERSION = YES;
				CLANG_WARN_OBJC_ROOT_CLASS = YES_ERROR;
				CLANG_WARN_QUOTED_INCLUDE_IN_FRAMEWORK_HEADER = YES;
				CLANG_WARN_RANGE_LOOP_ANALYSIS = YES;
				CLANG_WARN_STRICT_PROTOTYPES = YES;
				CLANG_WARN_SUSPICIOUS_MOVE = YES;
				CLANG_WARN_UNGUARDED_AVAILABILITY = YES_AGGRESSIVE;
				CLANG_WARN_UNREACHABLE_CODE = YES;
				CLANG_WARN__DUPLICATE_METHOD_MATCH = YES;
				CODE_SIGN_STYLE = Automatic;
				COPY_PHASE_STRIP = NO;
				DEBUG_INFORMATION_FORMAT = dwarf;
				DEVELOPMENT_TEAM = 4528JQYZKF;
				ENABLE_STRICT_OBJC_MSGSEND = YES;
				ENABLE_TESTABILITY = YES;
				GCC_C_LANGUAGE_STANDARD = gnu11;
				GCC_DYNAMIC_NO_PIC = NO;
				GCC_NO_COMMON_BLOCKS = YES;
				GCC_OPTIMIZATION_LEVEL = 0;
				GCC_PREPROCESSOR_DEFINITIONS = (
					"$(inherited)",
					"DEBUG=1",
				);
				GCC_WARN_64_TO_32_BIT_CONVERSION = YES;
				GCC_WARN_ABOUT_RETURN_TYPE = YES_ERROR;
				GCC_WARN_UNDECLARED_SELECTOR = YES;
				GCC_WARN_UNINITIALIZED_AUTOS = YES_AGGRESSIVE;
				GCC_WARN_UNUSED_FUNCTION = YES;
				GCC_WARN_UNUSED_VARIABLE = YES;
				MACOSX_DEPLOYMENT_TARGET = 13.0;
				MTL_ENABLE_DEBUG_INFO = INCLUDE_SOURCE;
				MTL_FAST_MATH = YES;
				ONLY_ACTIVE_ARCH = YES;
				PRODUCT_NAME = "$(TARGET_NAME)";
				SDKROOT = macosx;
				SWIFT_ACTIVE_COMPILATION_CONDITIONS = DEBUG;
				SWIFT_OPTIMIZATION_LEVEL = "-Onone";
				SWIFT_VERSION = 5.10;
			};
			name = Debug;
		};
		42C9A1FE500155E04F814F04 /* Release */ = {
			isa = XCBuildConfiguration;
			buildSettings = {
				ALWAYS_SEARCH_USER_PATHS = NO;
				CLANG_ANALYZER_NONNULL = YES;
				CLANG_ANALYZER_NUMBER_OBJECT_CONVERSION = YES_AGGRESSIVE;
				CLANG_CXX_LANGUAGE_STANDARD = "gnu++14";
				CLANG_CXX_LIBRARY = "libc++";
				CLANG_ENABLE_MODULES = YES;
				CLANG_ENABLE_OBJC_ARC = YES;
				CLANG_ENABLE_OBJC_WEAK = YES;
				CLANG_WARN_BLOCK_CAPTURE_AUTORELEASING = YES;
				CLANG_WARN_BOOL_CONVERSION = YES;
				CLANG_WARN_COMMA = YES;
				CLANG_WARN_CONSTANT_CONVERSION = YES;
				CLANG_WARN_DEPRECATED_OBJC_IMPLEMENTATIONS = YES;
				CLANG_WARN_DIRECT_OBJC_ISA_USAGE = YES_ERROR;
				CLANG_WARN_DOCUMENTATION_COMMENTS = YES;
				CLANG_WARN_EMPTY_BODY = YES;
				CLANG_WARN_ENUM_CONVERSION = YES;
				CLANG_WARN_INFINITE_RECURSION = YES;
				CLANG_WARN_INT_CONVERSION = YES;
				CLANG_WARN_NON_LITERAL_NULL_CONVERSION = YES;
				CLANG_WARN_OBJC_IMPLICIT_RETAIN_SELF = YES;
				CLANG_WARN_OBJC_LITERAL_CONVERSION = YES;
				CLANG_WARN_OBJC_ROOT_CLASS = YES_ERROR;
				CLANG_WARN_QUOTED_INCLUDE_IN_FRAMEWORK_HEADER = YES;
				CLANG_WARN_RANGE_LOOP_ANALYSIS = YES;
				CLANG_WARN_STRICT_PROTOTYPES = YES;
				CLANG_WARN_SUSPICIOUS_MOVE = YES;
				CLANG_WARN_UNGUARDED_AVAILABILITY = YES_AGGRESSIVE;
				CLANG_WARN_UNREACHABLE_CODE = YES;
				CLANG_WARN__DUPLICATE_METHOD_MATCH = YES;
				CODE_SIGN_STYLE = Automatic;
				COPY_PHASE_STRIP = NO;
				DEBUG_INFORMATION_FORMAT = "dwarf-with-dsym";
				DEVELOPMENT_TEAM = 4528JQYZKF;
				ENABLE_NS_ASSERTIONS = NO;
				ENABLE_STRICT_OBJC_MSGSEND = YES;
				GCC_C_LANGUAGE_STANDARD = gnu11;
				GCC_NO_COMMON_BLOCKS = YES;
				GCC_WARN_64_TO_32_BIT_CONVERSION = YES;
				GCC_WARN_ABOUT_RETURN_TYPE = YES_ERROR;
				GCC_WARN_UNDECLARED_SELECTOR = YES;
				GCC_WARN_UNINITIALIZED_AUTOS = YES_AGGRESSIVE;
				GCC_WARN_UNUSED_FUNCTION = YES;
				GCC_WARN_UNUSED_VARIABLE = YES;
				MACOSX_DEPLOYMENT_TARGET = 13.0;
				MTL_ENABLE_DEBUG_INFO = NO;
				MTL_FAST_MATH = YES;
				PRODUCT_NAME = "$(TARGET_NAME)";
				SDKROOT = macosx;
				SWIFT_COMPILATION_MODE = wholemodule;
				SWIFT_OPTIMIZATION_LEVEL = "-O";
				SWIFT_VERSION = 5.10;
			};
			name = Release;
		};
		50D4DF9ED6554962A29C0304 /* Release */ = {
			isa = XCBuildConfiguration;
			buildSettings = {
				CODE_SIGN_IDENTITY = "Apple Development";
				CODE_SIGN_STYLE = Automatic;
				COMBINE_HIDPI_IMAGES = YES;
				INFOPLIST_FILE = Sources/VirtualFaceCamDALPlugin/Info.plist;
				LD_RUNPATH_SEARCH_PATHS = (
					"$(inherited)",
					"@executable_path/../Frameworks",
				);
				OTHER_LDFLAGS = (
					"-framework CoreMediaIO",
					"-framework CoreMedia",
					"-framework CoreVideo",
				);
				PRODUCT_BUNDLE_IDENTIFIER = com.virtualfacecam.dal.plugin;
				PRODUCT_NAME = VirtualFaceCamDALPlugin;
				SDKROOT = macosx;
				SKIP_INSTALL = NO;
				WRAPPER_EXTENSION = plugin;
			};
			name = Release;
		};
		67788AFCD6D5F627CA17ABBB /* Debug */ = {
			isa = XCBuildConfiguration;
			buildSettings = {
				CODE_SIGN_ENTITLEMENTS = Sources/VirtualFaceCamCameraExtension/VirtualFaceCamCameraExtension.entitlements;
				CODE_SIGN_STYLE = Automatic;
				COMBINE_HIDPI_IMAGES = YES;
				ENABLE_HARDENED_RUNTIME = YES;
				GENERATE_INFOPLIST_FILE = NO;
				INFOPLIST_FILE = Sources/VirtualFaceCamCameraExtension/Info.plist;
				LD_RUNPATH_SEARCH_PATHS = (
					"$(inherited)",
					"@executable_path/../Frameworks",
				);
				PRODUCT_BUNDLE_IDENTIFIER = com.virtualfacecam.app.cameraextension;
				PRODUCT_NAME = com.virtualfacecam.app.cameraextension;
				SDKROOT = macosx;
			};
			name = Debug;
		};
		6EE8B273E2E7B58FA20C668F /* Release */ = {
			isa = XCBuildConfiguration;
			buildSettings = {
				BUNDLE_LOADER = "$(TEST_HOST)";
				COMBINE_HIDPI_IMAGES = YES;
				GENERATE_INFOPLIST_FILE = YES;
				LD_RUNPATH_SEARCH_PATHS = (
					"$(inherited)",
					"@executable_path/../Frameworks",
					"@loader_path/../Frameworks",
				);
				PRODUCT_BUNDLE_IDENTIFIER = com.virtualfacecam.app.tests;
				SDKROOT = macosx;
				TEST_HOST = "$(BUILT_PRODUCTS_DIR)/VirtualFaceCamApp.app/Contents/MacOS/VirtualFaceCamApp";
			};
			name = Release;
		};
		8636B3C07486A61313D6EFF3 /* Release */ = {
			isa = XCBuildConfiguration;
			buildSettings = {
				CODE_SIGN_IDENTITY = "";
				COMBINE_HIDPI_IMAGES = YES;
				CURRENT_PROJECT_VERSION = 1;
				DEFINES_MODULE = YES;
				DYLIB_COMPATIBILITY_VERSION = 1;
				DYLIB_CURRENT_VERSION = 1;
				DYLIB_INSTALL_NAME_BASE = "@rpath";
				GENERATE_INFOPLIST_FILE = YES;
				INFOPLIST_FILE = Sources/VirtualFaceCamDALPluginScaffold/Info.plist;
				INSTALL_PATH = "$(LOCAL_LIBRARY_DIR)/Frameworks";
				LD_RUNPATH_SEARCH_PATHS = (
					"$(inherited)",
					"@executable_path/../Frameworks",
				);
				PRODUCT_BUNDLE_IDENTIFIER = com.virtualfacecam.dal.scaffold;
				SDKROOT = macosx;
				SKIP_INSTALL = YES;
				VERSIONING_SYSTEM = "apple-generic";
			};
			name = Release;
		};
		A501EDAC1ACDB64C2E611197 /* Release */ = {
			isa = XCBuildConfiguration;
			buildSettings = {
				ASSETCATALOG_COMPILER_APPICON_NAME = AppIcon;
				CODE_SIGN_ENTITLEMENTS = Sources/VirtualFaceCamApp/VirtualFaceCamApp.entitlements;
				CODE_SIGN_STYLE = Automatic;
				COMBINE_HIDPI_IMAGES = YES;
				ENABLE_HARDENED_RUNTIME = YES;
				GENERATE_INFOPLIST_FILE = YES;
				INFOPLIST_KEY_CFBundleDisplayName = 520CAM;
				INFOPLIST_KEY_LSApplicationCategoryType = "public.app-category.video";
				INFOPLIST_KEY_NSCameraUsageDescription = "520CAM necesita acceso a la camara para anonimizar tu rostro en tiempo real.";
				LD_RUNPATH_SEARCH_PATHS = (
					"$(inherited)",
					"@executable_path/../Frameworks",
				);
				PRODUCT_BUNDLE_IDENTIFIER = com.virtualfacecam.app;
				PRODUCT_NAME = 520CAM;
				SDKROOT = macosx;
			};
			name = Release;
		};
		C1237FB8EE97833E6336EDBC /* Debug */ = {
			isa = XCBuildConfiguration;
			buildSettings = {
				ASSETCATALOG_COMPILER_APPICON_NAME = AppIcon;
				CODE_SIGN_ENTITLEMENTS = Sources/VirtualFaceCamApp/VirtualFaceCamApp.entitlements;
				CODE_SIGN_STYLE = Automatic;
				COMBINE_HIDPI_IMAGES = YES;
				ENABLE_HARDENED_RUNTIME = YES;
				GENERATE_INFOPLIST_FILE = YES;
				INFOPLIST_KEY_CFBundleDisplayName = 520CAM;
				INFOPLIST_KEY_LSApplicationCategoryType = "public.app-category.video";
				INFOPLIST_KEY_NSCameraUsageDescription = "520CAM necesita acceso a la camara para anonimizar tu rostro en tiempo real.";
				LD_RUNPATH_SEARCH_PATHS = (
					"$(inherited)",
					"@executable_path/../Frameworks",
				);
				PRODUCT_BUNDLE_IDENTIFIER = com.virtualfacecam.app;
				PRODUCT_NAME = 520CAM;
				SDKROOT = macosx;
			};
			name = Debug;
		};
		E66CC657858E0DF02B5A9B5D /* Debug */ = {
			isa = XCBuildConfiguration;
			buildSettings = {
				CODE_SIGN_IDENTITY = "";
				COMBINE_HIDPI_IMAGES = YES;
				CURRENT_PROJECT_VERSION = 1;
				DEFINES_MODULE = YES;
				DYLIB_COMPATIBILITY_VERSION = 1;
				DYLIB_CURRENT_VERSION = 1;
				DYLIB_INSTALL_NAME_BASE = "@rpath";
				GENERATE_INFOPLIST_FILE = YES;
				INFOPLIST_FILE = Sources/VirtualFaceCamDALPluginScaffold/Info.plist;
				INSTALL_PATH = "$(LOCAL_LIBRARY_DIR)/Frameworks";
				LD_RUNPATH_SEARCH_PATHS = (
					"$(inherited)",
					"@executable_path/../Frameworks",
				);
				PRODUCT_BUNDLE_IDENTIFIER = com.virtualfacecam.dal.scaffold;
				SDKROOT = macosx;
				SKIP_INSTALL = YES;
				VERSIONING_SYSTEM = "apple-generic";
			};
			name = Debug;
		};
		E9F03E725CE6000751070270 /* Debug */ = {
			isa = XCBuildConfiguration;
			buildSettings = {
				CODE_SIGN_IDENTITY = "Apple Development";
				CODE_SIGN_STYLE = Automatic;
				COMBINE_HIDPI_IMAGES = YES;
				INFOPLIST_FILE = Sources/VirtualFaceCamDALPlugin/Info.plist;
				LD_RUNPATH_SEARCH_PATHS = (
					"$(inherited)",
					"@executable_path/../Frameworks",
				);
				OTHER_LDFLAGS = (
					"-framework CoreMediaIO",
					"-framework CoreMedia",
					"-framework CoreVideo",
				);
				PRODUCT_BUNDLE_IDENTIFIER = com.virtualfacecam.dal.plugin;
				PRODUCT_NAME = VirtualFaceCamDALPlugin;
				SDKROOT = macosx;
				SKIP_INSTALL = NO;
				WRAPPER_EXTENSION = plugin;
			};
			name = Debug;
		};
		F01413A334A22CE8A8AE12DF /* Debug */ = {
			isa = XCBuildConfiguration;
			buildSettings = {
				BUNDLE_LOADER = "$(TEST_HOST)";
				COMBINE_HIDPI_IMAGES = YES;
				GENERATE_INFOPLIST_FILE = YES;
				LD_RUNPATH_SEARCH_PATHS = (
					"$(inherited)",
					"@executable_path/../Frameworks",
					"@loader_path/../Frameworks",
				);
				PRODUCT_BUNDLE_IDENTIFIER = com.virtualfacecam.app.tests;
				SDKROOT = macosx;
				TEST_HOST = "$(BUILT_PRODUCTS_DIR)/VirtualFaceCamApp.app/Contents/MacOS/VirtualFaceCamApp";
			};
			name = Debug;
		};
		F122098099172724121AF7BB /* Release */ = {
			isa = XCBuildConfiguration;
			buildSettings = {
				CODE_SIGN_ENTITLEMENTS = Sources/VirtualFaceCamCameraExtension/VirtualFaceCamCameraExtension.entitlements;
				CODE_SIGN_STYLE = Automatic;
				COMBINE_HIDPI_IMAGES = YES;
				ENABLE_HARDENED_RUNTIME = YES;
				GENERATE_INFOPLIST_FILE = NO;
				INFOPLIST_FILE = Sources/VirtualFaceCamCameraExtension/Info.plist;
				LD_RUNPATH_SEARCH_PATHS = (
					"$(inherited)",
					"@executable_path/../Frameworks",
				);
				PRODUCT_BUNDLE_IDENTIFIER = com.virtualfacecam.app.cameraextension;
				PRODUCT_NAME = com.virtualfacecam.app.cameraextension;
				SDKROOT = macosx;
			};
			name = Release;
		};
/* End XCBuildConfiguration section */

/* Begin XCConfigurationList section */
		129C8F2BB7FA1E66234670C3 /* Build configuration list for PBXNativeTarget "VirtualFaceCamApp" */ = {
			isa = XCConfigurationList;
			buildConfigurations = (
				C1237FB8EE97833E6336EDBC /* Debug */,
				A501EDAC1ACDB64C2E611197 /* Release */,
			);
			defaultConfigurationIsVisible = 0;
			defaultConfigurationName = Debug;
		};
		1FC547351FE7D72CF332C15C /* Build configuration list for PBXNativeTarget "VirtualFaceCamAppTests" */ = {
			isa = XCConfigurationList;
			buildConfigurations = (
				F01413A334A22CE8A8AE12DF /* Debug */,
				6EE8B273E2E7B58FA20C668F /* Release */,
			);
			defaultConfigurationIsVisible = 0;
			defaultConfigurationName = Debug;
		};
		308CF433283215C1AC1B9249 /* Build configuration list for PBXNativeTarget "VirtualFaceCamCameraExtension" */ = {
			isa = XCConfigurationList;
			buildConfigurations = (
				67788AFCD6D5F627CA17ABBB /* Debug */,
				F122098099172724121AF7BB /* Release */,
			);
			defaultConfigurationIsVisible = 0;
			defaultConfigurationName = Debug;
		};
		A7F5B2A3B460F314F99F0714 /* Build configuration list for PBXNativeTarget "VirtualFaceCamDALPluginScaffold" */ = {
			isa = XCConfigurationList;
			buildConfigurations = (
				E66CC657858E0DF02B5A9B5D /* Debug */,
				8636B3C07486A61313D6EFF3 /* Release */,
			);
			defaultConfigurationIsVisible = 0;
			defaultConfigurationName = Debug;
		};
		B9FC083A4C9C02ABF6316BB9 /* Build configuration list for PBXNativeTarget "VirtualFaceCamDALPlugin" */ = {
			isa = XCConfigurationList;
			buildConfigurations = (
				E9F03E725CE6000751070270 /* Debug */,
				50D4DF9ED6554962A29C0304 /* Release */,
			);
			defaultConfigurationIsVisible = 0;
			defaultConfigurationName = Debug;
		};
		CAE9BD774D62E2C38EFC192B /* Build configuration list for PBXProject "VirtualFaceCam" */ = {
			isa = XCConfigurationList;
			buildConfigurations = (
				288627B7BBC54A09524EDFBC /* Debug */,
				42C9A1FE500155E04F814F04 /* Release */,
			);
			defaultConfigurationIsVisible = 0;
			defaultConfigurationName = Debug;
		};
/* End XCConfigurationList section */

/* Begin XCRemoteSwiftPackageReference section */
		F75BD99206D5CC0FE374366F /* XCRemoteSwiftPackageReference "onnxruntime-swift-package-manager" */ = {
			isa = XCRemoteSwiftPackageReference;
			repositoryURL = "https://github.com/microsoft/onnxruntime-swift-package-manager";
			requirement = {
				kind = exactVersion;
				version = 1.24.2;
			};
		};
/* End XCRemoteSwiftPackageReference section */

/* Begin XCSwiftPackageProductDependency section */
		E5C82E8D866E3E0D8D024176 /* onnxruntime */ = {
			isa = XCSwiftPackageProductDependency;
			package = F75BD99206D5CC0FE374366F /* XCRemoteSwiftPackageReference "onnxruntime-swift-package-manager" */;
			productName = onnxruntime;
		};
/* End XCSwiftPackageProductDependency section */
	};
	rootObject = 815510FEE3B1C3C9F4CEC92D /* Project object */;
}
